
Microsoft Visual Studio Solution File, Format Version 11.00
# Visual Studio 2010
Project("{FAE04EC0-301F-11D3-BF4B-00C04F79EFBC}") = "downloadSongtasteMusic", "downloadSongtasteMusic\downloadSongtasteMusic.csproj", "{399534B7-A311-4587-BF12-2BE1019716CF}"
EndProject
Global
	GlobalSection(SolutionConfigurationPlatforms) = preSolution
		Debug|x86 = Debug|x86
		Release|x86 = Release|x86
	EndGlobalSection
	GlobalSection(ProjectConfigurationPlatforms) = postSolution
		{399534B7-A311-4587-BF12-2BE1019716CF}.Debug|x86.ActiveCfg = Debug|x86
		{399534B7-A311-4587-BF12-2BE1019716CF}.Debug|x86.Build.0 = Debug|x86
		{399534B7-A311-4587-BF12-2BE1019716CF}.Release|x86.ActiveCfg = Release|x86
		{399534B7-A311-4587-BF12-2BE1019716CF}.Release|x86.Build.0 = Release|x86
	EndGlobalSection
	GlobalSection(SolutionProperties) = preSolution
		HideSolutionNode = FALSE
	EndGlobalSection
EndGlobal
